// !$*UTF8*$!
{
	archiveVersion = 1;
	classes = {
	};
	objectVersion = 56;
	objects = {

/* Begin PBXBuildFile section */
		5F2F62412C8328670075498E /* GPT.swift in Sources */ = {isa = PBXBuildFile; fileRef = 5F2F62402C8328670075498E /* GPT.swift */; };
		5F7183802C6DE5C000D67A5D /* DeckView.swift in Sources */ = {isa = PBXBuildFile; fileRef = 5F71837F2C6DE5C000D67A5D /* DeckView.swift */; };
		5F7183822C6E12DD00D67A5D /* Deck.swift in Sources */ = {isa = PBXBuildFile; fileRef = 5F7183812C6E12DD00D67A5D /* Deck.swift */; };
		5F7183852C6E23BF00D67A5D /* Extensions.swift in Sources */ = {isa = PBXBuildFile; fileRef = 5F7183842C6E23BF00D67A5D /* Extensions.swift */; };
		5FC9FA402C6E41A800B1879D /* CreateDeckView.swift in Sources */ = {isa = PBXBuildFile; fileRef = 5FC9FA3F2C6E41A800B1879D /* CreateDeckView.swift */; };
		5FC9FA462C6F3F6700B1879D /* DeckDetailView.swift in Sources */ = {isa = PBXBuildFile; fileRef = 5FC9FA452C6F3F6700B1879D /* DeckDetailView.swift */; };
		5FC9FA4C2C6F5DDA00B1879D /* CameraView.swift in Sources */ = {isa = PBXBuildFile; fileRef = 5FC9FA4B2C6F5DDA00B1879D /* CameraView.swift */; };
		5FC9FA4E2C6F5EFC00B1879D /* ReviewFlashcardView.swift in Sources */ = {isa = PBXBuildFile; fileRef = 5FC9FA4D2C6F5EFC00B1879D /* ReviewFlashcardView.swift */; };
		5FC9FA5A2C71C9AC00B1879D /* MijickCameraView in Frameworks */ = {isa = PBXBuildFile; productRef = 5FC9FA592C71C9AC00B1879D /* MijickCameraView */; };
		5FCEDB232C6A6345004721E8 /* LinguoApp.swift in Sources */ = {isa = PBXBuildFile; fileRef = 5FCEDB222C6A6345004721E8 /* LinguoApp.swift */; };
		5FCEDB252C6A6345004721E8 /* ContentView.swift in Sources */ = {isa = PBXBuildFile; fileRef = 5FCEDB242C6A6345004721E8 /* ContentView.swift */; };
		5FCEDB292C6A6346004721E8 /* Assets.xcassets in Resources */ = {isa = PBXBuildFile; fileRef = 5FCEDB282C6A6346004721E8 /* Assets.xcassets */; };
		5FCEDB2D2C6A6346004721E8 /* Preview Assets.xcassets in Resources */ = {isa = PBXBuildFile; fileRef = 5FCEDB2C2C6A6346004721E8 /* Preview Assets.xcassets */; };
		5FCEDB372C6A6346004721E8 /* LinguoTests.swift in Sources */ = {isa = PBXBuildFile; fileRef = 5FCEDB362C6A6346004721E8 /* LinguoTests.swift */; };
		5FCEDB412C6A6346004721E8 /* LinguoUITests.swift in Sources */ = {isa = PBXBuildFile; fileRef = 5FCEDB402C6A6346004721E8 /* LinguoUITests.swift */; };
		5FCEDB432C6A6346004721E8 /* LinguoUITestsLaunchTests.swift in Sources */ = {isa = PBXBuildFile; fileRef = 5FCEDB422C6A6346004721E8 /* LinguoUITestsLaunchTests.swift */; };
		5FCEDB962C6A65B8004721E8 /* LoginView.swift in Sources */ = {isa = PBXBuildFile; fileRef = 5FCEDB952C6A65B8004721E8 /* LoginView.swift */; };
		5FCEDB982C6A66CD004721E8 /* app-icon.png in Resources */ = {isa = PBXBuildFile; fileRef = 5FCEDB972C6A66CD004721E8 /* app-icon.png */; };
		5FCEDB9A2C6B7BDA004721E8 /* InputView.swift in Sources */ = {isa = PBXBuildFile; fileRef = 5FCEDB992C6B7BDA004721E8 /* InputView.swift */; };
		5FCEDB9C2C6B930B004721E8 /* RegistrationView.swift in Sources */ = {isa = PBXBuildFile; fileRef = 5FCEDB9B2C6B930B004721E8 /* RegistrationView.swift */; };
		5FCEDB9E2C6BA46B004721E8 /* ProfileView.swift in Sources */ = {isa = PBXBuildFile; fileRef = 5FCEDB9D2C6BA46B004721E8 /* ProfileView.swift */; };
		5FCEDBA42C6BA81D004721E8 /* SettingsRowView.swift in Sources */ = {isa = PBXBuildFile; fileRef = 5FCEDBA32C6BA81D004721E8 /* SettingsRowView.swift */; };
		5FCEDBA62C6BAB73004721E8 /* User.swift in Sources */ = {isa = PBXBuildFile; fileRef = 5FCEDBA52C6BAB73004721E8 /* User.swift */; };
		5FCEDBAB2C6BBA0F004721E8 /* FirebaseAuth in Frameworks */ = {isa = PBXBuildFile; productRef = 5FCEDBAA2C6BBA0F004721E8 /* FirebaseAuth */; };
		5FCEDBAD2C6BBA0F004721E8 /* FirebaseFirestore in Frameworks */ = {isa = PBXBuildFile; productRef = 5FCEDBAC2C6BBA0F004721E8 /* FirebaseFirestore */; };
		5FCEDBB12C6C9D39004721E8 /* AuthViewModel.swift in Sources */ = {isa = PBXBuildFile; fileRef = 5FCEDBB02C6C9D39004721E8 /* AuthViewModel.swift */; };
		5FF28B5A2C7F691A0028650D /* PhotoPickerView.swift in Sources */ = {isa = PBXBuildFile; fileRef = 5FF28B592C7F691A0028650D /* PhotoPickerView.swift */; };
		5FF28B5E2C80D6750028650D /* FlashcardView.swift in Sources */ = {isa = PBXBuildFile; fileRef = 5FF28B5D2C80D6750028650D /* FlashcardView.swift */; };
		5FF81D382C739EB100681DC2 /* ImagePreviewView.swift in Sources */ = {isa = PBXBuildFile; fileRef = 5FF81D372C739EB100681DC2 /* ImagePreviewView.swift */; };
		5FF81D3A2C74811900681DC2 /* FlashcardModel.swift in Sources */ = {isa = PBXBuildFile; fileRef = 5FF81D392C74811900681DC2 /* FlashcardModel.swift */; };
		5FFD6F452C74886B00413985 /* FirebaseStorage in Frameworks */ = {isa = PBXBuildFile; productRef = 5FFD6F442C74886B00413985 /* FirebaseStorage */; };
		5FFD6F472C76033500413985 /* GoogleService-Info.plist in Resources */ = {isa = PBXBuildFile; fileRef = 5FFD6F462C76033500413985 /* GoogleService-Info.plist */; };
		5FFD6F492C7C866E00413985 /* CreateFlashcardView.swift in Sources */ = {isa = PBXBuildFile; fileRef = 5FFD6F482C7C866E00413985 /* CreateFlashcardView.swift */; };
		5FFD6F4B2C7CB05C00413985 /* Toast.swift in Sources */ = {isa = PBXBuildFile; fileRef = 5FFD6F4A2C7CB05C00413985 /* Toast.swift */; };
/* End PBXBuildFile section */

/* Begin PBXContainerItemProxy section */
		5FCEDB332C6A6346004721E8 /* PBXContainerItemProxy */ = {
			isa = PBXContainerItemProxy;
			containerPortal = 5FCEDB172C6A6345004721E8 /* Project object */;
			proxyType = 1;
			remoteGlobalIDString = 5FCEDB1E2C6A6345004721E8;
			remoteInfo = Linguo;
		};
		5FCEDB3D2C6A6346004721E8 /* PBXContainerItemProxy */ = {
			isa = PBXContainerItemProxy;
			containerPortal = 5FCEDB172C6A6345004721E8 /* Project object */;
			proxyType = 1;
			remoteGlobalIDString = 5FCEDB1E2C6A6345004721E8;
			remoteInfo = Linguo;
		};
/* End PBXContainerItemProxy section */

/* Begin PBXFileReference section */
		5F2F62402C8328670075498E /* GPT.swift */ = {isa = PBXFileReference; lastKnownFileType = sourcecode.swift; path = GPT.swift; sourceTree = "<group>"; };
		5F71837F2C6DE5C000D67A5D /* DeckView.swift */ = {isa = PBXFileReference; lastKnownFileType = sourcecode.swift; path = DeckView.swift; sourceTree = "<group>"; };
		5F7183812C6E12DD00D67A5D /* Deck.swift */ = {isa = PBXFileReference; lastKnownFileType = sourcecode.swift; path = Deck.swift; sourceTree = "<group>"; };
		5F7183842C6E23BF00D67A5D /* Extensions.swift */ = {isa = PBXFileReference; lastKnownFileType = sourcecode.swift; path = Extensions.swift; sourceTree = "<group>"; };
		5FC9FA3F2C6E41A800B1879D /* CreateDeckView.swift */ = {isa = PBXFileReference; lastKnownFileType = sourcecode.swift; path = CreateDeckView.swift; sourceTree = "<group>"; };
		5FC9FA452C6F3F6700B1879D /* DeckDetailView.swift */ = {isa = PBXFileReference; lastKnownFileType = sourcecode.swift; path = DeckDetailView.swift; sourceTree = "<group>"; };
		5FC9FA4B2C6F5DDA00B1879D /* CameraView.swift */ = {isa = PBXFileReference; lastKnownFileType = sourcecode.swift; path = CameraView.swift; sourceTree = "<group>"; };
		5FC9FA4D2C6F5EFC00B1879D /* ReviewFlashcardView.swift */ = {isa = PBXFileReference; lastKnownFileType = sourcecode.swift; path = ReviewFlashcardView.swift; sourceTree = "<group>"; };
		5FCEDB1F2C6A6345004721E8 /* Linguo.app */ = {isa = PBXFileReference; explicitFileType = wrapper.application; includeInIndex = 0; path = Linguo.app; sourceTree = BUILT_PRODUCTS_DIR; };
		5FCEDB222C6A6345004721E8 /* LinguoApp.swift */ = {isa = PBXFileReference; lastKnownFileType = sourcecode.swift; path = LinguoApp.swift; sourceTree = "<group>"; };
		5FCEDB242C6A6345004721E8 /* ContentView.swift */ = {isa = PBXFileReference; lastKnownFileType = sourcecode.swift; path = ContentView.swift; sourceTree = "<group>"; };
		5FCEDB282C6A6346004721E8 /* Assets.xcassets */ = {isa = PBXFileReference; lastKnownFileType = folder.assetcatalog; path = Assets.xcassets; sourceTree = "<group>"; };
		5FCEDB2A2C6A6346004721E8 /* Linguo.entitlements */ = {isa = PBXFileReference; lastKnownFileType = text.plist.entitlements; path = Linguo.entitlements; sourceTree = "<group>"; };
		5FCEDB2C2C6A6346004721E8 /* Preview Assets.xcassets */ = {isa = PBXFileReference; lastKnownFileType = folder.assetcatalog; path = "Preview Assets.xcassets"; sourceTree = "<group>"; };
		5FCEDB322C6A6346004721E8 /* LinguoTests.xctest */ = {isa = PBXFileReference; explicitFileType = wrapper.cfbundle; includeInIndex = 0; path = LinguoTests.xctest; sourceTree = BUILT_PRODUCTS_DIR; };
		5FCEDB362C6A6346004721E8 /* LinguoTests.swift */ = {isa = PBXFileReference; lastKnownFileType = sourcecode.swift; path = LinguoTests.swift; sourceTree = "<group>"; };
		5FCEDB3C2C6A6346004721E8 /* LinguoUITests.xctest */ = {isa = PBXFileReference; explicitFileType = wrapper.cfbundle; includeInIndex = 0; path = LinguoUITests.xctest; sourceTree = BUILT_PRODUCTS_DIR; };
		5FCEDB402C6A6346004721E8 /* LinguoUITests.swift */ = {isa = PBXFileReference; lastKnownFileType = sourcecode.swift; path = LinguoUITests.swift; sourceTree = "<group>"; };
		5FCEDB422C6A6346004721E8 /* LinguoUITestsLaunchTests.swift */ = {isa = PBXFileReference; lastKnownFileType = sourcecode.swift; path = LinguoUITestsLaunchTests.swift; sourceTree = "<group>"; };
		5FCEDB952C6A65B8004721E8 /* LoginView.swift */ = {isa = PBXFileReference; lastKnownFileType = sourcecode.swift; path = LoginView.swift; sourceTree = "<group>"; };
		5FCEDB972C6A66CD004721E8 /* app-icon.png */ = {isa = PBXFileReference; lastKnownFileType = image.png; path = "app-icon.png"; sourceTree = "<group>"; };
		5FCEDB992C6B7BDA004721E8 /* InputView.swift */ = {isa = PBXFileReference; lastKnownFileType = sourcecode.swift; path = InputView.swift; sourceTree = "<group>"; };
		5FCEDB9B2C6B930B004721E8 /* RegistrationView.swift */ = {isa = PBXFileReference; lastKnownFileType = sourcecode.swift; path = RegistrationView.swift; sourceTree = "<group>"; };
		5FCEDB9D2C6BA46B004721E8 /* ProfileView.swift */ = {isa = PBXFileReference; lastKnownFileType = sourcecode.swift; path = ProfileView.swift; sourceTree = "<group>"; };
		5FCEDBA32C6BA81D004721E8 /* SettingsRowView.swift */ = {isa = PBXFileReference; lastKnownFileType = sourcecode.swift; path = SettingsRowView.swift; sourceTree = "<group>"; };
		5FCEDBA52C6BAB73004721E8 /* User.swift */ = {isa = PBXFileReference; lastKnownFileType = sourcecode.swift; path = User.swift; sourceTree = "<group>"; };
		5FCEDBB02C6C9D39004721E8 /* AuthViewModel.swift */ = {isa = PBXFileReference; lastKnownFileType = sourcecode.swift; path = AuthViewModel.swift; sourceTree = "<group>"; };
		5FF28B592C7F691A0028650D /* PhotoPickerView.swift */ = {isa = PBXFileReference; lastKnownFileType = sourcecode.swift; path = PhotoPickerView.swift; sourceTree = "<group>"; };
		5FF28B5D2C80D6750028650D /* FlashcardView.swift */ = {isa = PBXFileReference; lastKnownFileType = sourcecode.swift; path = FlashcardView.swift; sourceTree = "<group>"; };
		5FF81D372C739EB100681DC2 /* ImagePreviewView.swift */ = {isa = PBXFileReference; lastKnownFileType = sourcecode.swift; path = ImagePreviewView.swift; sourceTree = "<group>"; };
		5FF81D392C74811900681DC2 /* FlashcardModel.swift */ = {isa = PBXFileReference; lastKnownFileType = sourcecode.swift; path = FlashcardModel.swift; sourceTree = "<group>"; };
		5FFD6F462C76033500413985 /* GoogleService-Info.plist */ = {isa = PBXFileReference; fileEncoding = 4; lastKnownFileType = text.plist.xml; path = "GoogleService-Info.plist"; sourceTree = "<group>"; };
		5FFD6F482C7C866E00413985 /* CreateFlashcardView.swift */ = {isa = PBXFileReference; lastKnownFileType = sourcecode.swift; path = CreateFlashcardView.swift; sourceTree = "<group>"; };
		5FFD6F4A2C7CB05C00413985 /* Toast.swift */ = {isa = PBXFileReference; lastKnownFileType = sourcecode.swift; path = Toast.swift; sourceTree = "<group>"; };
/* End PBXFileReference section */

/* Begin PBXFrameworksBuildPhase section */
		5FCEDB1C2C6A6345004721E8 /* Frameworks */ = {
			isa = PBXFrameworksBuildPhase;
			buildActionMask = 2147483647;
			files = (
				5FC9FA5A2C71C9AC00B1879D /* MijickCameraView in Frameworks */,
				5FFD6F452C74886B00413985 /* FirebaseStorage in Frameworks */,
				5FCEDBAB2C6BBA0F004721E8 /* FirebaseAuth in Frameworks */,
				5FCEDBAD2C6BBA0F004721E8 /* FirebaseFirestore in Frameworks */,
			);
			runOnlyForDeploymentPostprocessing = 0;
		};
		5FCEDB2F2C6A6346004721E8 /* Frameworks */ = {
			isa = PBXFrameworksBuildPhase;
			buildActionMask = 2147483647;
			files = (
			);
			runOnlyForDeploymentPostprocessing = 0;
		};
		5FCEDB392C6A6346004721E8 /* Frameworks */ = {
			isa = PBXFrameworksBuildPhase;
			buildActionMask = 2147483647;
			files = (
			);
			runOnlyForDeploymentPostprocessing = 0;
		};
/* End PBXFrameworksBuildPhase section */

/* Begin PBXGroup section */
		5F7183832C6E23B200D67A5D /* Helpers */ = {
			isa = PBXGroup;
			children = (
				5F7183842C6E23BF00D67A5D /* Extensions.swift */,
				5F2F62402C8328670075498E /* GPT.swift */,
			);
			path = Helpers;
			sourceTree = "<group>";
		};
		5FCEDB162C6A6345004721E8 = {
			isa = PBXGroup;
			children = (
				5FCEDB212C6A6345004721E8 /* Linguo */,
				5FCEDB352C6A6346004721E8 /* LinguoTests */,
				5FCEDB3F2C6A6346004721E8 /* LinguoUITests */,
				5FCEDB202C6A6345004721E8 /* Products */,
				5FFD6F432C74886B00413985 /* Frameworks */,
			);
			sourceTree = "<group>";
		};
		5FCEDB202C6A6345004721E8 /* Products */ = {
			isa = PBXGroup;
			children = (
				5FCEDB1F2C6A6345004721E8 /* Linguo.app */,
				5FCEDB322C6A6346004721E8 /* LinguoTests.xctest */,
				5FCEDB3C2C6A6346004721E8 /* LinguoUITests.xctest */,
			);
			name = Products;
			sourceTree = "<group>";
		};
		5FCEDB212C6A6345004721E8 /* Linguo */ = {
			isa = PBXGroup;
			children = (
				5F7183832C6E23B200D67A5D /* Helpers */,
				5FCEDB8F2C6A64C1004721E8 /* Core */,
				5FCEDB8B2C6A6495004721E8 /* App */,
				5FCEDB8E2C6A64AB004721E8 /* Model */,
				5FCEDB8D2C6A64A5004721E8 /* Components */,
				5FFD6F462C76033500413985 /* GoogleService-Info.plist */,
				5FCEDB972C6A66CD004721E8 /* app-icon.png */,
				5FCEDB282C6A6346004721E8 /* Assets.xcassets */,
				5FCEDB2A2C6A6346004721E8 /* Linguo.entitlements */,
				5FCEDB2B2C6A6346004721E8 /* Preview Content */,
			);
			path = Linguo;
			sourceTree = "<group>";
		};
		5FCEDB2B2C6A6346004721E8 /* Preview Content */ = {
			isa = PBXGroup;
			children = (
				5FCEDB2C2C6A6346004721E8 /* Preview Assets.xcassets */,
			);
			path = "Preview Content";
			sourceTree = "<group>";
		};
		5FCEDB352C6A6346004721E8 /* LinguoTests */ = {
			isa = PBXGroup;
			children = (
				5FCEDB362C6A6346004721E8 /* LinguoTests.swift */,
			);
			path = LinguoTests;
			sourceTree = "<group>";
		};
		5FCEDB3F2C6A6346004721E8 /* LinguoUITests */ = {
			isa = PBXGroup;
			children = (
				5FCEDB402C6A6346004721E8 /* LinguoUITests.swift */,
				5FCEDB422C6A6346004721E8 /* LinguoUITestsLaunchTests.swift */,
			);
			path = LinguoUITests;
			sourceTree = "<group>";
		};
		5FCEDB8B2C6A6495004721E8 /* App */ = {
			isa = PBXGroup;
			children = (
				5FCEDB222C6A6345004721E8 /* LinguoApp.swift */,
			);
			path = App;
			sourceTree = "<group>";
		};
		5FCEDB8D2C6A64A5004721E8 /* Components */ = {
			isa = PBXGroup;
			children = (
				5F71837F2C6DE5C000D67A5D /* DeckView.swift */,
				5FC9FA4B2C6F5DDA00B1879D /* CameraView.swift */,
				5FC9FA3F2C6E41A800B1879D /* CreateDeckView.swift */,
				5FC9FA452C6F3F6700B1879D /* DeckDetailView.swift */,
				5FF81D372C739EB100681DC2 /* ImagePreviewView.swift */,
				5FCEDB992C6B7BDA004721E8 /* InputView.swift */,
				5FC9FA4D2C6F5EFC00B1879D /* ReviewFlashcardView.swift */,
				5FCEDBA32C6BA81D004721E8 /* SettingsRowView.swift */,
				5FFD6F482C7C866E00413985 /* CreateFlashcardView.swift */,
				5FFD6F4A2C7CB05C00413985 /* Toast.swift */,
				5FF28B592C7F691A0028650D /* PhotoPickerView.swift */,
				5FF28B5D2C80D6750028650D /* FlashcardView.swift */,
			);
			path = Components;
			sourceTree = "<group>";
		};
		5FCEDB8E2C6A64AB004721E8 /* Model */ = {
			isa = PBXGroup;
			children = (
				5FCEDBA52C6BAB73004721E8 /* User.swift */,
				5F7183812C6E12DD00D67A5D /* Deck.swift */,
				5FF81D392C74811900681DC2 /* FlashcardModel.swift */,
			);
			path = Model;
			sourceTree = "<group>";
		};
		5FCEDB8F2C6A64C1004721E8 /* Core */ = {
			isa = PBXGroup;
			children = (
				5FCEDB912C6A64CC004721E8 /* Authentication */,
				5FCEDB902C6A64C5004721E8 /* Root */,
				5FCEDB922C6A64D0004721E8 /* Profile */,
			);
			path = Core;
			sourceTree = "<group>";
		};
		5FCEDB902C6A64C5004721E8 /* Root */ = {
			isa = PBXGroup;
			children = (
				5FCEDB242C6A6345004721E8 /* ContentView.swift */,
			);
			path = Root;
			sourceTree = "<group>";
		};
		5FCEDB912C6A64CC004721E8 /* Authentication */ = {
			isa = PBXGroup;
			children = (
				5FCEDBAF2C6C9D1F004721E8 /* ViewModel */,
				5FCEDBAE2C6C9D14004721E8 /* View */,
			);
			path = Authentication;
			sourceTree = "<group>";
		};
		5FCEDB922C6A64D0004721E8 /* Profile */ = {
			isa = PBXGroup;
			children = (
				5FCEDB9D2C6BA46B004721E8 /* ProfileView.swift */,
			);
			path = Profile;
			sourceTree = "<group>";
		};
		5FCEDBAE2C6C9D14004721E8 /* View */ = {
			isa = PBXGroup;
			children = (
				5FCEDB952C6A65B8004721E8 /* LoginView.swift */,
				5FCEDB9B2C6B930B004721E8 /* RegistrationView.swift */,
			);
			path = View;
			sourceTree = "<group>";
		};
		5FCEDBAF2C6C9D1F004721E8 /* ViewModel */ = {
			isa = PBXGroup;
			children = (
				5FCEDBB02C6C9D39004721E8 /* AuthViewModel.swift */,
			);
			path = ViewModel;
			sourceTree = "<group>";
		};
		5FFD6F432C74886B00413985 /* Frameworks */ = {
			isa = PBXGroup;
			children = (
			);
			name = Frameworks;
			sourceTree = "<group>";
		};
/* End PBXGroup section */

/* Begin PBXNativeTarget section */
		5FCEDB1E2C6A6345004721E8 /* Linguo */ = {
			isa = PBXNativeTarget;
			buildConfigurationList = 5FCEDB462C6A6346004721E8 /* Build configuration list for PBXNativeTarget "Linguo" */;
			buildPhases = (
				5FCEDB1B2C6A6345004721E8 /* Sources */,
				5FCEDB1C2C6A6345004721E8 /* Frameworks */,
				5FCEDB1D2C6A6345004721E8 /* Resources */,
			);
			buildRules = (
			);
			dependencies = (
			);
			name = Linguo;
			packageProductDependencies = (
				5FCEDBAA2C6BBA0F004721E8 /* FirebaseAuth */,
				5FCEDBAC2C6BBA0F004721E8 /* FirebaseFirestore */,
				5FC9FA592C71C9AC00B1879D /* MijickCameraView */,
				5FFD6F442C74886B00413985 /* FirebaseStorage */,
			);
			productName = Linguo;
			productReference = 5FCEDB1F2C6A6345004721E8 /* Linguo.app */;
			productType = "com.apple.product-type.application";
		};
		5FCEDB312C6A6346004721E8 /* LinguoTests */ = {
			isa = PBXNativeTarget;
			buildConfigurationList = 5FCEDB492C6A6346004721E8 /* Build configuration list for PBXNativeTarget "LinguoTests" */;
			buildPhases = (
				5FCEDB2E2C6A6346004721E8 /* Sources */,
				5FCEDB2F2C6A6346004721E8 /* Frameworks */,
				5FCEDB302C6A6346004721E8 /* Resources */,
			);
			buildRules = (
			);
			dependencies = (
				5FCEDB342C6A6346004721E8 /* PBXTargetDependency */,
			);
			name = LinguoTests;
			productName = LinguoTests;
			productReference = 5FCEDB322C6A6346004721E8 /* LinguoTests.xctest */;
			productType = "com.apple.product-type.bundle.unit-test";
		};
		5FCEDB3B2C6A6346004721E8 /* LinguoUITests */ = {
			isa = PBXNativeTarget;
			buildConfigurationList = 5FCEDB4C2C6A6346004721E8 /* Build configuration list for PBXNativeTarget "LinguoUITests" */;
			buildPhases = (
				5FCEDB382C6A6346004721E8 /* Sources */,
				5FCEDB392C6A6346004721E8 /* Frameworks */,
				5FCEDB3A2C6A6346004721E8 /* Resources */,
			);
			buildRules = (
			);
			dependencies = (
				5FCEDB3E2C6A6346004721E8 /* PBXTargetDependency */,
			);
			name = LinguoUITests;
			productName = LinguoUITests;
			productReference = 5FCEDB3C2C6A6346004721E8 /* LinguoUITests.xctest */;
			productType = "com.apple.product-type.bundle.ui-testing";
		};
/* End PBXNativeTarget section */

/* Begin PBXProject section */
		5FCEDB172C6A6345004721E8 /* Project object */ = {
			isa = PBXProject;
			attributes = {
				BuildIndependentTargetsInParallel = 1;
				KnownAssetTags = (
					New,
				);
				LastSwiftUpdateCheck = 1540;
				LastUpgradeCheck = 1540;
				TargetAttributes = {
					5FCEDB1E2C6A6345004721E8 = {
						CreatedOnToolsVersion = 15.4;
					};
					5FCEDB312C6A6346004721E8 = {
						CreatedOnToolsVersion = 15.4;
						TestTargetID = 5FCEDB1E2C6A6345004721E8;
					};
					5FCEDB3B2C6A6346004721E8 = {
						CreatedOnToolsVersion = 15.4;
						TestTargetID = 5FCEDB1E2C6A6345004721E8;
					};
				};
			};
			buildConfigurationList = 5FCEDB1A2C6A6345004721E8 /* Build configuration list for PBXProject "Linguo" */;
			compatibilityVersion = "Xcode 14.0";
			developmentRegion = en;
			hasScannedForEncodings = 0;
			knownRegions = (
				en,
				Base,
			);
			mainGroup = 5FCEDB162C6A6345004721E8;
			packageReferences = (
				5FCEDBA92C6BB9C8004721E8 /* XCRemoteSwiftPackageReference "firebase-ios-sdk" */,
				5FC9FA582C71C9AC00B1879D /* XCRemoteSwiftPackageReference "CameraView" */,
			);
			productRefGroup = 5FCEDB202C6A6345004721E8 /* Products */;
			projectDirPath = "";
			projectRoot = "";
			targets = (
				5FCEDB1E2C6A6345004721E8 /* Linguo */,
				5FCEDB312C6A6346004721E8 /* LinguoTests */,
				5FCEDB3B2C6A6346004721E8 /* LinguoUITests */,
			);
		};
/* End PBXProject section */

/* Begin PBXResourcesBuildPhase section */
		5FCEDB1D2C6A6345004721E8 /* Resources */ = {
			isa = PBXResourcesBuildPhase;
			buildActionMask = 2147483647;
			files = (
				5FCEDB2D2C6A6346004721E8 /* Preview Assets.xcassets in Resources */,
				5FFD6F472C76033500413985 /* GoogleService-Info.plist in Resources */,
				5FCEDB292C6A6346004721E8 /* Assets.xcassets in Resources */,
				5FCEDB982C6A66CD004721E8 /* app-icon.png in Resources */,
			);
			runOnlyForDeploymentPostprocessing = 0;
		};
		5FCEDB302C6A6346004721E8 /* Resources */ = {
			isa = PBXResourcesBuildPhase;
			buildActionMask = 2147483647;
			files = (
			);
			runOnlyForDeploymentPostprocessing = 0;
		};
		5FCEDB3A2C6A6346004721E8 /* Resources */ = {
			isa = PBXResourcesBuildPhase;
			buildActionMask = 2147483647;
			files = (
			);
			runOnlyForDeploymentPostprocessing = 0;
		};
/* End PBXResourcesBuildPhase section */

/* Begin PBXSourcesBuildPhase section */
		5FCEDB1B2C6A6345004721E8 /* Sources */ = {
			isa = PBXSourcesBuildPhase;
			buildActionMask = 2147483647;
			files = (
				5FCEDB962C6A65B8004721E8 /* LoginView.swift in Sources */,
				5FF81D382C739EB100681DC2 /* ImagePreviewView.swift in Sources */,
				5FCEDB9A2C6B7BDA004721E8 /* InputView.swift in Sources */,
				5FFD6F492C7C866E00413985 /* CreateFlashcardView.swift in Sources */,
				5FCEDB252C6A6345004721E8 /* ContentView.swift in Sources */,
				5F2F62412C8328670075498E /* GPT.swift in Sources */,
				5FCEDB232C6A6345004721E8 /* LinguoApp.swift in Sources */,
				5FCEDBA62C6BAB73004721E8 /* User.swift in Sources */,
				5FF81D3A2C74811900681DC2 /* FlashcardModel.swift in Sources */,
				5F7183802C6DE5C000D67A5D /* DeckView.swift in Sources */,
				5FCEDB9E2C6BA46B004721E8 /* ProfileView.swift in Sources */,
				5F7183852C6E23BF00D67A5D /* Extensions.swift in Sources */,
				5FCEDB9C2C6B930B004721E8 /* RegistrationView.swift in Sources */,
				5FC9FA4E2C6F5EFC00B1879D /* ReviewFlashcardView.swift in Sources */,
				5FC9FA462C6F3F6700B1879D /* DeckDetailView.swift in Sources */,
				5FCEDBA42C6BA81D004721E8 /* SettingsRowView.swift in Sources */,
				5F7183822C6E12DD00D67A5D /* Deck.swift in Sources */,
				5FCEDBB12C6C9D39004721E8 /* AuthViewModel.swift in Sources */,
				5FFD6F4B2C7CB05C00413985 /* Toast.swift in Sources */,
				5FC9FA4C2C6F5DDA00B1879D /* CameraView.swift in Sources */,
				5FF28B5E2C80D6750028650D /* FlashcardView.swift in Sources */,
				5FF28B5A2C7F691A0028650D /* PhotoPickerView.swift in Sources */,
				5FC9FA402C6E41A800B1879D /* CreateDeckView.swift in Sources */,
			);
			runOnlyForDeploymentPostprocessing = 0;
		};
		5FCEDB2E2C6A6346004721E8 /* Sources */ = {
			isa = PBXSourcesBuildPhase;
			buildActionMask = 2147483647;
			files = (
				5FCEDB372C6A6346004721E8 /* LinguoTests.swift in Sources */,
			);
			runOnlyForDeploymentPostprocessing = 0;
		};
		5FCEDB382C6A6346004721E8 /* Sources */ = {
			isa = PBXSourcesBuildPhase;
			buildActionMask = 2147483647;
			files = (
				5FCEDB432C6A6346004721E8 /* LinguoUITestsLaunchTests.swift in Sources */,
				5FCEDB412C6A6346004721E8 /* LinguoUITests.swift in Sources */,
			);
			runOnlyForDeploymentPostprocessing = 0;
		};
/* End PBXSourcesBuildPhase section */

/* Begin PBXTargetDependency section */
		5FCEDB342C6A6346004721E8 /* PBXTargetDependency */ = {
			isa = PBXTargetDependency;
			target = 5FCEDB1E2C6A6345004721E8 /* Linguo */;
			targetProxy = 5FCEDB332C6A6346004721E8 /* PBXContainerItemProxy */;
		};
		5FCEDB3E2C6A6346004721E8 /* PBXTargetDependency */ = {
			isa = PBXTargetDependency;
			target = 5FCEDB1E2C6A6345004721E8 /* Linguo */;
			targetProxy = 5FCEDB3D2C6A6346004721E8 /* PBXContainerItemProxy */;
		};
/* End PBXTargetDependency section */

/* Begin XCBuildConfiguration section */
		5FCEDB442C6A6346004721E8 /* Debug */ = {
			isa = XCBuildConfiguration;
			buildSettings = {
				ALWAYS_SEARCH_USER_PATHS = NO;
				ASSETCATALOG_COMPILER_GENERATE_SWIFT_ASSET_SYMBOL_EXTENSIONS = YES;
				CLANG_ANALYZER_NONNULL = YES;
				CLANG_ANALYZER_NUMBER_OBJECT_CONVERSION = YES_AGGRESSIVE;
				CLANG_CXX_LANGUAGE_STANDARD = "gnu++20";
				CLANG_ENABLE_MODULES = YES;
				CLANG_ENABLE_OBJC_ARC = YES;
				CLANG_ENABLE_OBJC_WEAK = YES;
				CLANG_WARN_BLOCK_CAPTURE_AUTORELEASING = YES;
				CLANG_WARN_BOOL_CONVERSION = YES;
				CLANG_WARN_COMMA = YES;
				CLANG_WARN_CONSTANT_CONVERSION = YES;
				CLANG_WARN_DEPRECATED_OBJC_IMPLEMENTATIONS = YES;
				CLANG_WARN_DIRECT_OBJC_ISA_USAGE = YES_ERROR;
				CLANG_WARN_DOCUMENTATION_COMMENTS = YES;
				CLANG_WARN_EMPTY_BODY = YES;
				CLANG_WARN_ENUM_CONVERSION = YES;
				CLANG_WARN_INFINITE_RECURSION = YES;
				CLANG_WARN_INT_CONVERSION = YES;
				CLANG_WARN_NON_LITERAL_NULL_CONVERSION = YES;
				CLANG_WARN_OBJC_IMPLICIT_RETAIN_SELF = YES;
				CLANG_WARN_OBJC_LITERAL_CONVERSION = YES;
				CLANG_WARN_OBJC_ROOT_CLASS = YES_ERROR;
				CLANG_WARN_QUOTED_INCLUDE_IN_FRAMEWORK_HEADER = YES;
				CLANG_WARN_RANGE_LOOP_ANALYSIS = YES;
				CLANG_WARN_STRICT_PROTOTYPES = YES;
				CLANG_WARN_SUSPICIOUS_MOVE = YES;
				CLANG_WARN_UNGUARDED_AVAILABILITY = YES_AGGRESSIVE;
				CLANG_WARN_UNREACHABLE_CODE = YES;
				CLANG_WARN__DUPLICATE_METHOD_MATCH = YES;
				COPY_PHASE_STRIP = NO;
				DEBUG_INFORMATION_FORMAT = dwarf;
				ENABLE_STRICT_OBJC_MSGSEND = YES;
				ENABLE_TESTABILITY = YES;
				ENABLE_USER_SCRIPT_SANDBOXING = YES;
				GCC_C_LANGUAGE_STANDARD = gnu17;
				GCC_DYNAMIC_NO_PIC = NO;
				GCC_NO_COMMON_BLOCKS = YES;
				GCC_OPTIMIZATION_LEVEL = 0;
				GCC_PREPROCESSOR_DEFINITIONS = (
					"DEBUG=1",
					"$(inherited)",
				);
				GCC_WARN_64_TO_32_BIT_CONVERSION = YES;
				GCC_WARN_ABOUT_RETURN_TYPE = YES_ERROR;
				GCC_WARN_UNDECLARED_SELECTOR = YES;
				GCC_WARN_UNINITIALIZED_AUTOS = YES_AGGRESSIVE;
				GCC_WARN_UNUSED_FUNCTION = YES;
				GCC_WARN_UNUSED_VARIABLE = YES;
				LOCALIZATION_PREFERS_STRING_CATALOGS = YES;
				MTL_ENABLE_DEBUG_INFO = INCLUDE_SOURCE;
				MTL_FAST_MATH = YES;
				ONLY_ACTIVE_ARCH = YES;
				SWIFT_ACTIVE_COMPILATION_CONDITIONS = "DEBUG $(inherited)";
				SWIFT_OPTIMIZATION_LEVEL = "-Onone";
			};
			name = Debug;
		};
		5FCEDB452C6A6346004721E8 /* Release */ = {
			isa = XCBuildConfiguration;
			buildSettings = {
				ALWAYS_SEARCH_USER_PATHS = NO;
				ASSETCATALOG_COMPILER_GENERATE_SWIFT_ASSET_SYMBOL_EXTENSIONS = YES;
				CLANG_ANALYZER_NONNULL = YES;
				CLANG_ANALYZER_NUMBER_OBJECT_CONVERSION = YES_AGGRESSIVE;
				CLANG_CXX_LANGUAGE_STANDARD = "gnu++20";
				CLANG_ENABLE_MODULES = YES;
				CLANG_ENABLE_OBJC_ARC = YES;
				CLANG_ENABLE_OBJC_WEAK = YES;
				CLANG_WARN_BLOCK_CAPTURE_AUTORELEASING = YES;
				CLANG_WARN_BOOL_CONVERSION = YES;
				CLANG_WARN_COMMA = YES;
				CLANG_WARN_CONSTANT_CONVERSION = YES;
				CLANG_WARN_DEPRECATED_OBJC_IMPLEMENTATIONS = YES;
				CLANG_WARN_DIRECT_OBJC_ISA_USAGE = YES_ERROR;
				CLANG_WARN_DOCUMENTATION_COMMENTS = YES;
				CLANG_WARN_EMPTY_BODY = YES;
				CLANG_WARN_ENUM_CONVERSION = YES;
				CLANG_WARN_INFINITE_RECURSION = YES;
				CLANG_WARN_INT_CONVERSION = YES;
				CLANG_WARN_NON_LITERAL_NULL_CONVERSION = YES;
				CLANG_WARN_OBJC_IMPLICIT_RETAIN_SELF = YES;
				CLANG_WARN_OBJC_LITERAL_CONVERSION = YES;
				CLANG_WARN_OBJC_ROOT_CLASS = YES_ERROR;
				CLANG_WARN_QUOTED_INCLUDE_IN_FRAMEWORK_HEADER = YES;
				CLANG_WARN_RANGE_LOOP_ANALYSIS = YES;
				CLANG_WARN_STRICT_PROTOTYPES = YES;
				CLANG_WARN_SUSPICIOUS_MOVE = YES;
				CLANG_WARN_UNGUARDED_AVAILABILITY = YES_AGGRESSIVE;
				CLANG_WARN_UNREACHABLE_CODE = YES;
				CLANG_WARN__DUPLICATE_METHOD_MATCH = YES;
				COPY_PHASE_STRIP = NO;
				DEBUG_INFORMATION_FORMAT = "dwarf-with-dsym";
				ENABLE_NS_ASSERTIONS = NO;
				ENABLE_STRICT_OBJC_MSGSEND = YES;
				ENABLE_USER_SCRIPT_SANDBOXING = YES;
				GCC_C_LANGUAGE_STANDARD = gnu17;
				GCC_NO_COMMON_BLOCKS = YES;
				GCC_WARN_64_TO_32_BIT_CONVERSION = YES;
				GCC_WARN_ABOUT_RETURN_TYPE = YES_ERROR;
				GCC_WARN_UNDECLARED_SELECTOR = YES;
				GCC_WARN_UNINITIALIZED_AUTOS = YES_AGGRESSIVE;
				GCC_WARN_UNUSED_FUNCTION = YES;
				GCC_WARN_UNUSED_VARIABLE = YES;
				LOCALIZATION_PREFERS_STRING_CATALOGS = YES;
				MTL_ENABLE_DEBUG_INFO = NO;
				MTL_FAST_MATH = YES;
				SWIFT_COMPILATION_MODE = wholemodule;
			};
			name = Release;
		};
		5FCEDB472C6A6346004721E8 /* Debug */ = {
			isa = XCBuildConfiguration;
			buildSettings = {
				ASSETCATALOG_COMPILER_APPICON_NAME = AppIcon;
				ASSETCATALOG_COMPILER_GLOBAL_ACCENT_COLOR_NAME = AccentColor;
				CODE_SIGN_ENTITLEMENTS = Linguo/Linguo.entitlements;
				CODE_SIGN_IDENTITY = "Apple Development";
				CODE_SIGN_STYLE = Automatic;
				CURRENT_PROJECT_VERSION = 1;
				DEVELOPMENT_ASSET_PATHS = "\"Linguo/Preview Content\"";
				DEVELOPMENT_TEAM = 9D8MFBJLQP;
				ENABLE_HARDENED_RUNTIME = YES;
				ENABLE_PREVIEWS = YES;
				GENERATE_INFOPLIST_FILE = YES;
				INFOPLIST_FILE = Linguo/Info.plist;
				INFOPLIST_KEY_CFBundleDisplayName = linguo;
				INFOPLIST_KEY_LSApplicationCategoryType = "public.app-category.education";
				INFOPLIST_KEY_NSCameraUsageDescription = "This app uses the camera to take pictures for flashcards";
				INFOPLIST_KEY_NSMicrophoneUsageDescription = "This app uses the microphone to record audio for flashcards";
				"INFOPLIST_KEY_UIApplicationSceneManifest_Generation[sdk=iphoneos*]" = YES;
				"INFOPLIST_KEY_UIApplicationSceneManifest_Generation[sdk=iphonesimulator*]" = YES;
				"INFOPLIST_KEY_UIApplicationSupportsIndirectInputEvents[sdk=iphoneos*]" = YES;
				"INFOPLIST_KEY_UIApplicationSupportsIndirectInputEvents[sdk=iphonesimulator*]" = YES;
				"INFOPLIST_KEY_UILaunchScreen_Generation[sdk=iphoneos*]" = YES;
				"INFOPLIST_KEY_UILaunchScreen_Generation[sdk=iphonesimulator*]" = YES;
				"INFOPLIST_KEY_UIStatusBarStyle[sdk=iphoneos*]" = UIStatusBarStyleDefault;
				"INFOPLIST_KEY_UIStatusBarStyle[sdk=iphonesimulator*]" = UIStatusBarStyleDefault;
				INFOPLIST_KEY_UISupportedInterfaceOrientations_iPad = "UIInterfaceOrientationPortrait UIInterfaceOrientationPortraitUpsideDown UIInterfaceOrientationLandscapeLeft UIInterfaceOrientationLandscapeRight";
				INFOPLIST_KEY_UISupportedInterfaceOrientations_iPhone = "UIInterfaceOrientationPortrait UIInterfaceOrientationLandscapeLeft UIInterfaceOrientationLandscapeRight";
				IPHONEOS_DEPLOYMENT_TARGET = 17.5;
				LD_RUNPATH_SEARCH_PATHS = "@executable_path/Frameworks";
				"LD_RUNPATH_SEARCH_PATHS[sdk=macosx*]" = "@executable_path/../Frameworks";
				MACOSX_DEPLOYMENT_TARGET = 14.0;
				MARKETING_VERSION = 1.0;
				PRODUCT_BUNDLE_IDENTIFIER = "linguo-language";
				PRODUCT_NAME = "$(TARGET_NAME)";
				PROVISIONING_PROFILE_SPECIFIER = "";
				SDKROOT = auto;
				SUPPORTED_PLATFORMS = "iphoneos iphonesimulator";
				SUPPORTS_MACCATALYST = NO;
				SWIFT_EMIT_LOC_STRINGS = YES;
				SWIFT_VERSION = 5.0;
				TARGETED_DEVICE_FAMILY = "1,2";
			};
			name = Debug;
		};
		5FCEDB482C6A6346004721E8 /* Release */ = {
			isa = XCBuildConfiguration;
			buildSettings = {
				ASSETCATALOG_COMPILER_APPICON_NAME = AppIcon;
				ASSETCATALOG_COMPILER_GLOBAL_ACCENT_COLOR_NAME = AccentColor;
				CODE_SIGN_ENTITLEMENTS = Linguo/Linguo.entitlements;
				CODE_SIGN_IDENTITY = "Apple Development";
				CODE_SIGN_STYLE = Automatic;
				CURRENT_PROJECT_VERSION = 1;
				DEVELOPMENT_ASSET_PATHS = "\"Linguo/Preview Content\"";
				DEVELOPMENT_TEAM = 9D8MFBJLQP;
				ENABLE_HARDENED_RUNTIME = YES;
				ENABLE_PREVIEWS = YES;
				GENERATE_INFOPLIST_FILE = YES;
				INFOPLIST_FILE = Linguo/Info.plist;
				INFOPLIST_KEY_CFBundleDisplayName = linguo;
				INFOPLIST_KEY_LSApplicationCategoryType = "public.app-category.education";
				INFOPLIST_KEY_NSCameraUsageDescription = "This app uses the camera to take pictures for flashcards";
				INFOPLIST_KEY_NSMicrophoneUsageDescription = "This app uses the microphone to record audio for flashcards";
				"INFOPLIST_KEY_UIApplicationSceneManifest_Generation[sdk=iphoneos*]" = YES;
				"INFOPLIST_KEY_UIApplicationSceneManifest_Generation[sdk=iphonesimulator*]" = YES;
				"INFOPLIST_KEY_UIApplicationSupportsIndirectInputEvents[sdk=iphoneos*]" = YES;
				"INFOPLIST_KEY_UIApplicationSupportsIndirectInputEvents[sdk=iphonesimulator*]" = YES;
				"INFOPLIST_KEY_UILaunchScreen_Generation[sdk=iphoneos*]" = YES;
				"INFOPLIST_KEY_UILaunchScreen_Generation[sdk=iphonesimulator*]" = YES;
				"INFOPLIST_KEY_UIStatusBarStyle[sdk=iphoneos*]" = UIStatusBarStyleDefault;
				"INFOPLIST_KEY_UIStatusBarStyle[sdk=iphonesimulator*]" = UIStatusBarStyleDefault;
				INFOPLIST_KEY_UISupportedInterfaceOrientations_iPad = "UIInterfaceOrientationPortrait UIInterfaceOrientationPortraitUpsideDown UIInterfaceOrientationLandscapeLeft UIInterfaceOrientationLandscapeRight";
				INFOPLIST_KEY_UISupportedInterfaceOrientations_iPhone = "UIInterfaceOrientationPortrait UIInterfaceOrientationLandscapeLeft UIInterfaceOrientationLandscapeRight";
				IPHONEOS_DEPLOYMENT_TARGET = 17.5;
				LD_RUNPATH_SEARCH_PATHS = "@executable_path/Frameworks";
				"LD_RUNPATH_SEARCH_PATHS[sdk=macosx*]" = "@executable_path/../Frameworks";
				MACOSX_DEPLOYMENT_TARGET = 14.0;
				MARKETING_VERSION = 1.0;
				PRODUCT_BUNDLE_IDENTIFIER = "linguo-language";
				PRODUCT_NAME = "$(TARGET_NAME)";
				PROVISIONING_PROFILE_SPECIFIER = "";
				SDKROOT = auto;
				SUPPORTED_PLATFORMS = "iphoneos iphonesimulator";
				SUPPORTS_MACCATALYST = NO;
				SWIFT_EMIT_LOC_STRINGS = YES;
				SWIFT_VERSION = 5.0;
				TARGETED_DEVICE_FAMILY = "1,2";
			};
			name = Release;
		};
		5FCEDB4A2C6A6346004721E8 /* Debug */ = {
			isa = XCBuildConfiguration;
			buildSettings = {
				ALWAYS_EMBED_SWIFT_STANDARD_LIBRARIES = YES;
				BUNDLE_LOADER = "$(TEST_HOST)";
				CODE_SIGN_STYLE = Automatic;
				CURRENT_PROJECT_VERSION = 1;
				DEVELOPMENT_TEAM = 9D8MFBJLQP;
				GENERATE_INFOPLIST_FILE = YES;
				IPHONEOS_DEPLOYMENT_TARGET = 17.5;
				MACOSX_DEPLOYMENT_TARGET = 14.5;
				MARKETING_VERSION = 1.0;
				PRODUCT_BUNDLE_IDENTIFIER = project.LinguoTests;
				PRODUCT_NAME = "$(TARGET_NAME)";
				SDKROOT = auto;
				SUPPORTED_PLATFORMS = "iphoneos iphonesimulator macosx";
				SWIFT_EMIT_LOC_STRINGS = NO;
				SWIFT_VERSION = 5.0;
				TARGETED_DEVICE_FAMILY = "1,2";
				TEST_HOST = "$(BUILT_PRODUCTS_DIR)/Linguo.app/$(BUNDLE_EXECUTABLE_FOLDER_PATH)/Linguo";
			};
			name = Debug;
		};
		5FCEDB4B2C6A6346004721E8 /* Release */ = {
			isa = XCBuildConfiguration;
			buildSettings = {
				ALWAYS_EMBED_SWIFT_STANDARD_LIBRARIES = YES;
				BUNDLE_LOADER = "$(TEST_HOST)";
				CODE_SIGN_STYLE = Automatic;
				CURRENT_PROJECT_VERSION = 1;
				DEVELOPMENT_TEAM = 9D8MFBJLQP;
				GENERATE_INFOPLIST_FILE = YES;
				IPHONEOS_DEPLOYMENT_TARGET = 17.5;
				MACOSX_DEPLOYMENT_TARGET = 14.5;
				MARKETING_VERSION = 1.0;
				PRODUCT_BUNDLE_IDENTIFIER = project.LinguoTests;
				PRODUCT_NAME = "$(TARGET_NAME)";
				SDKROOT = auto;
				SUPPORTED_PLATFORMS = "iphoneos iphonesimulator macosx";
				SWIFT_EMIT_LOC_STRINGS = NO;
				SWIFT_VERSION = 5.0;
				TARGETED_DEVICE_FAMILY = "1,2";
				TEST_HOST = "$(BUILT_PRODUCTS_DIR)/Linguo.app/$(BUNDLE_EXECUTABLE_FOLDER_PATH)/Linguo";
			};
			name = Release;
		};
		5FCEDB4D2C6A6346004721E8 /* Debug */ = {
			isa = XCBuildConfiguration;
			buildSettings = {
				ALWAYS_EMBED_SWIFT_STANDARD_LIBRARIES = YES;
				CODE_SIGN_STYLE = Automatic;
				CURRENT_PROJECT_VERSION = 1;
				DEVELOPMENT_TEAM = 9D8MFBJLQP;
				GENERATE_INFOPLIST_FILE = YES;
				IPHONEOS_DEPLOYMENT_TARGET = 17.5;
				MACOSX_DEPLOYMENT_TARGET = 14.5;
				MARKETING_VERSION = 1.0;
				PRODUCT_BUNDLE_IDENTIFIER = project.LinguoUITests;
				PRODUCT_NAME = "$(TARGET_NAME)";
				SDKROOT = auto;
				SUPPORTED_PLATFORMS = "iphoneos iphonesimulator macosx";
				SWIFT_EMIT_LOC_STRINGS = NO;
				SWIFT_VERSION = 5.0;
				TARGETED_DEVICE_FAMILY = "1,2";
				TEST_TARGET_NAME = Linguo;
			};
			name = Debug;
		};
		5FCEDB4E2C6A6346004721E8 /* Release */ = {
			isa = XCBuildConfiguration;
			buildSettings = {
				ALWAYS_EMBED_SWIFT_STANDARD_LIBRARIES = YES;
				CODE_SIGN_STYLE = Automatic;
				CURRENT_PROJECT_VERSION = 1;
				DEVELOPMENT_TEAM = 9D8MFBJLQP;
				GENERATE_INFOPLIST_FILE = YES;
				IPHONEOS_DEPLOYMENT_TARGET = 17.5;
				MACOSX_DEPLOYMENT_TARGET = 14.5;
				MARKETING_VERSION = 1.0;
				PRODUCT_BUNDLE_IDENTIFIER = project.LinguoUITests;
				PRODUCT_NAME = "$(TARGET_NAME)";
				SDKROOT = auto;
				SUPPORTED_PLATFORMS = "iphoneos iphonesimulator macosx";
				SWIFT_EMIT_LOC_STRINGS = NO;
				SWIFT_VERSION = 5.0;
				TARGETED_DEVICE_FAMILY = "1,2";
				TEST_TARGET_NAME = Linguo;
			};
			name = Release;
		};
/* End XCBuildConfiguration section */

/* Begin XCConfigurationList section */
		5FCEDB1A2C6A6345004721E8 /* Build configuration list for PBXProject "Linguo" */ = {
			isa = XCConfigurationList;
			buildConfigurations = (
				5FCEDB442C6A6346004721E8 /* Debug */,
				5FCEDB452C6A6346004721E8 /* Release */,
			);
			defaultConfigurationIsVisible = 0;
			defaultConfigurationName = Release;
		};
		5FCEDB462C6A6346004721E8 /* Build configuration list for PBXNativeTarget "Linguo" */ = {
			isa = XCConfigurationList;
			buildConfigurations = (
				5FCEDB472C6A6346004721E8 /* Debug */,
				5FCEDB482C6A6346004721E8 /* Release */,
			);
			defaultConfigurationIsVisible = 0;
			defaultConfigurationName = Release;
		};
		5FCEDB492C6A6346004721E8 /* Build configuration list for PBXNativeTarget "LinguoTests" */ = {
			isa = XCConfigurationList;
			buildConfigurations = (
				5FCEDB4A2C6A6346004721E8 /* Debug */,
				5FCEDB4B2C6A6346004721E8 /* Release */,
			);
			defaultConfigurationIsVisible = 0;
			defaultConfigurationName = Release;
		};
		5FCEDB4C2C6A6346004721E8 /* Build configuration list for PBXNativeTarget "LinguoUITests" */ = {
			isa = XCConfigurationList;
			buildConfigurations = (
				5FCEDB4D2C6A6346004721E8 /* Debug */,
				5FCEDB4E2C6A6346004721E8 /* Release */,
			);
			defaultConfigurationIsVisible = 0;
			defaultConfigurationName = Release;
		};
/* End XCConfigurationList section */

/* Begin XCRemoteSwiftPackageReference section */
		5FC9FA582C71C9AC00B1879D /* XCRemoteSwiftPackageReference "CameraView" */ = {
			isa = XCRemoteSwiftPackageReference;
			repositoryURL = "https://github.com/Mijick/CameraView.git";
			requirement = {
				kind = upToNextMajorVersion;
				minimumVersion = 2.1.0;
			};
		};
		5FCEDBA92C6BB9C8004721E8 /* XCRemoteSwiftPackageReference "firebase-ios-sdk" */ = {
			isa = XCRemoteSwiftPackageReference;
			repositoryURL = "https://github.com/firebase/firebase-ios-sdk";
			requirement = {
				kind = upToNextMajorVersion;
				minimumVersion = 11.0.0;
			};
		};
/* End XCRemoteSwiftPackageReference section */

/* Begin XCSwiftPackageProductDependency section */
		5FC9FA592C71C9AC00B1879D /* MijickCameraView */ = {
			isa = XCSwiftPackageProductDependency;
			package = 5FC9FA582C71C9AC00B1879D /* XCRemoteSwiftPackageReference "CameraView" */;
			productName = MijickCameraView;
		};
		5FCEDBAA2C6BBA0F004721E8 /* FirebaseAuth */ = {
			isa = XCSwiftPackageProductDependency;
			package = 5FCEDBA92C6BB9C8004721E8 /* XCRemoteSwiftPackageReference "firebase-ios-sdk" */;
			productName = FirebaseAuth;
		};
		5FCEDBAC2C6BBA0F004721E8 /* FirebaseFirestore */ = {
			isa = XCSwiftPackageProductDependency;
			package = 5FCEDBA92C6BB9C8004721E8 /* XCRemoteSwiftPackageReference "firebase-ios-sdk" */;
			productName = FirebaseFirestore;
		};
		5FFD6F442C74886B00413985 /* FirebaseStorage */ = {
			isa = XCSwiftPackageProductDependency;
			package = 5FCEDBA92C6BB9C8004721E8 /* XCRemoteSwiftPackageReference "firebase-ios-sdk" */;
			productName = FirebaseStorage;
		};
/* End XCSwiftPackageProductDependency section */
	};
	rootObject = 5FCEDB172C6A6345004721E8 /* Project object */;
}
